
Microsoft Visual Studio Solution File, Format Version 12.00
# Visual Studio 15
VisualStudioVersion = 15.0.26730.12
MinimumVisualStudioVersion = 10.0.40219.1
Project("{FAE04EC0-301F-11D3-BF4B-00C04F79EFBC}") = "Tree", "Tree.csproj", "{3399D5E0-FD5F-493B-B74C-18E55E751A88}"
EndProject
Global
	GlobalSection(SolutionConfigurationPlatforms) = preSolution
		Debug|Any CPU = Debug|Any CPU
		Release|Any CPU = Release|Any CPU
	EndGlobalSection
	GlobalSection(ProjectConfigurationPlatforms) = postSolution
		{3399D5E0-FD5F-493B-B74C-18E55E751A88}.Debug|Any CPU.ActiveCfg = Debug|Any CPU
		{3399D5E0-FD5F-493B-B74C-18E55E751A88}.Debug|Any CPU.Build.0 = Debug|Any CPU
		{3399D5E0-FD5F-493B-B74C-18E55E751A88}.Release|Any CPU.ActiveCfg = Release|Any CPU
		{3399D5E0-FD5F-493B-B74C-18E55E751A88}.Release|Any CPU.Build.0 = Release|Any CPU
	EndGlobalSection
	GlobalSection(SolutionProperties) = preSolution
		HideSolutionNode = FALSE
	EndGlobalSection
	GlobalSection(ExtensibilityGlobals) = postSolution
		SolutionGuid = {372CF50B-9464-4A5A-95DE-BEA962085B22}
	EndGlobalSection
EndGlobal
